
Microsoft Visual Studio Solution File, Format Version 12.00
# Visual Studio Version 17
VisualStudioVersion = 17.13.35931.197 d17.13
MinimumVisualStudioVersion = 10.0.40219.1
Project("{FAE04EC0-301F-11D3-BF4B-00C04F79EFBC}") = "Artgallary", "Artgallary\Artgallary\Artgallary.csproj", "{53EA28DD-F6F1-4A66-9AA3-8AEBA7EE9DB1}"
EndProject
Global
	GlobalSection(SolutionConfigurationPlatforms) = preSolution
		Debug|Any CPU = Debug|Any CPU
		Release|Any CPU = Release|Any CPU
	EndGlobalSection
	GlobalSection(ProjectConfigurationPlatforms) = postSolution
		{53EA28DD-F6F1-4A66-9AA3-8AEBA7EE9DB1}.Debug|Any CPU.ActiveCfg = Debug|Any CPU
		{53EA28DD-F6F1-4A66-9AA3-8AEBA7EE9DB1}.Debug|Any CPU.Build.0 = Debug|Any CPU
		{53EA28DD-F6F1-4A66-9AA3-8AEBA7EE9DB1}.Release|Any CPU.ActiveCfg = Release|Any CPU
		{53EA28DD-F6F1-4A66-9AA3-8AEBA7EE9DB1}.Release|Any CPU.Build.0 = Release|Any CPU
	EndGlobalSection
	GlobalSection(SolutionProperties) = preSolution
		HideSolutionNode = FALSE
	EndGlobalSection
	GlobalSection(ExtensibilityGlobals) = postSolution
		SolutionGuid = {77E42CEE-6EF5-43A3-ACCF-9E7661536390}
	EndGlobalSection
EndGlobal
